
Microsoft Visual Studio Solution File, Format Version 12.00
# Visual Studio Version 17
VisualStudioVersion = 17.8.34330.188
MinimumVisualStudioVersion = 10.0.40219.1
Project("{FAE04EC0-301F-11D3-BF4B-00C04F79EFBC}") = "AngularProjectBackend", "AngularProjectBackend\AngularProjectBackend.csproj", "{BBC535DA-D974-4B4A-A85F-F1F0E654CD89}"
EndProject
Project("{FAE04EC0-301F-11D3-BF4B-00C04F79EFBC}") = "AngularProject.API", "AngularProject.API\AngularProject.API.csproj", "{AA51AF80-4ACF-4D2B-A171-9C600B5DD95A}"
EndProject
Project("{FAE04EC0-301F-11D3-BF4B-00C04F79EFBC}") = "AngularProject.CORE", "AngularProject.CORE\AngularProject.CORE.csproj", "{328AEAAD-D3BD-4FAF-A6CB-0857E1F042BD}"
EndProject
Project("{FAE04EC0-301F-11D3-BF4B-00C04F79EFBC}") = "AngularProject.DTO", "AngularProject.DTO\AngularProject.DTO.csproj", "{82F3527E-4828-4D30-9CA6-3CCE067D5161}"
EndProject
Project("{FAE04EC0-301F-11D3-BF4B-00C04F79EFBC}") = "AngularProject.EF", "AngularProject.EF\AngularProject.EF.csproj", "{8F87F4CD-7DD3-4905-8442-5886FBA4E6ED}"
EndProject
Global
	GlobalSection(SolutionConfigurationPlatforms) = preSolution
		Debug|Any CPU = Debug|Any CPU
		Release|Any CPU = Release|Any CPU
	EndGlobalSection
	GlobalSection(ProjectConfigurationPlatforms) = postSolution
		{BBC535DA-D974-4B4A-A85F-F1F0E654CD89}.Debug|Any CPU.ActiveCfg = Debug|Any CPU
		{BBC535DA-D974-4B4A-A85F-F1F0E654CD89}.Debug|Any CPU.Build.0 = Debug|Any CPU
		{BBC535DA-D974-4B4A-A85F-F1F0E654CD89}.Release|Any CPU.ActiveCfg = Release|Any CPU
		{BBC535DA-D974-4B4A-A85F-F1F0E654CD89}.Release|Any CPU.Build.0 = Release|Any CPU
		{AA51AF80-4ACF-4D2B-A171-9C600B5DD95A}.Debug|Any CPU.ActiveCfg = Debug|Any CPU
		{AA51AF80-4ACF-4D2B-A171-9C600B5DD95A}.Debug|Any CPU.Build.0 = Debug|Any CPU
		{AA51AF80-4ACF-4D2B-A171-9C600B5DD95A}.Release|Any CPU.ActiveCfg = Release|Any CPU
		{AA51AF80-4ACF-4D2B-A171-9C600B5DD95A}.Release|Any CPU.Build.0 = Release|Any CPU
		{328AEAAD-D3BD-4FAF-A6CB-0857E1F042BD}.Debug|Any CPU.ActiveCfg = Debug|Any CPU
		{328AEAAD-D3BD-4FAF-A6CB-0857E1F042BD}.Debug|Any CPU.Build.0 = Debug|Any CPU
		{328AEAAD-D3BD-4FAF-A6CB-0857E1F042BD}.Release|Any CPU.ActiveCfg = Release|Any CPU
		{328AEAAD-D3BD-4FAF-A6CB-0857E1F042BD}.Release|Any CPU.Build.0 = Release|Any CPU
		{82F3527E-4828-4D30-9CA6-3CCE067D5161}.Debug|Any CPU.ActiveCfg = Debug|Any CPU
		{82F3527E-4828-4D30-9CA6-3CCE067D5161}.Debug|Any CPU.Build.0 = Debug|Any CPU
		{82F3527E-4828-4D30-9CA6-3CCE067D5161}.Release|Any CPU.ActiveCfg = Release|Any CPU
		{82F3527E-4828-4D30-9CA6-3CCE067D5161}.Release|Any CPU.Build.0 = Release|Any CPU
		{8F87F4CD-7DD3-4905-8442-5886FBA4E6ED}.Debug|Any CPU.ActiveCfg = Debug|Any CPU
		{8F87F4CD-7DD3-4905-8442-5886FBA4E6ED}.Debug|Any CPU.Build.0 = Debug|Any CPU
		{8F87F4CD-7DD3-4905-8442-5886FBA4E6ED}.Release|Any CPU.ActiveCfg = Release|Any CPU
		{8F87F4CD-7DD3-4905-8442-5886FBA4E6ED}.Release|Any CPU.Build.0 = Release|Any CPU
	EndGlobalSection
	GlobalSection(SolutionProperties) = preSolution
		HideSolutionNode = FALSE
	EndGlobalSection
	GlobalSection(ExtensibilityGlobals) = postSolution
		SolutionGuid = {2FB1F32F-4325-4FE5-80B6-1878128E0B62}
	EndGlobalSection
EndGlobal
